
Microsoft Visual Studio Solution File, Format Version 12.00
# Visual Studio Version 17
VisualStudioVersion = 17.13.35818.85
MinimumVisualStudioVersion = 10.0.40219.1
Project("{9A19103F-16F7-4668-BE54-9A1E7A4F7556}") = "StockManagement", "StockManagement\StockManagement.csproj", "{88C56C0A-29CA-4C30-82E0-CA03EC63D6E0}"
EndProject
Project("{9A19103F-16F7-4668-BE54-9A1E7A4F7556}") = "ApiStockManagement", "ApiStockManagement\ApiStockManagement.csproj", "{FE6D95A2-3EEC-4E58-9D76-736F329803F0}"
EndProject
Project("{9A19103F-16F7-4668-BE54-9A1E7A4F7556}") = "StockManagementLibrary", "StockManagementLibrary\StockManagementLibrary.csproj", "{8DAFFE28-CC3D-4249-8257-49B6A667CF1B}"
EndProject
Project("{FAE04EC0-301F-11D3-BF4B-00C04F79EFBC}") = "UnitTest_StockManagementApplication", "UnitTest_StockManagementApplication\UnitTest_StockManagementApplication.csproj", "{F278FC78-D4EC-4CCD-8844-AB1B127B0F0F}"
EndProject
Project("{FAE04EC0-301F-11D3-BF4B-00C04F79EFBC}") = "StockManagementViews", "StockManagementViews\StockManagementViews.csproj", "{8725BE10-C8D4-4BE5-8D76-FB64045EC8E0}"
EndProject
Global
	GlobalSection(SolutionConfigurationPlatforms) = preSolution
		Debug|Any CPU = Debug|Any CPU
		Release|Any CPU = Release|Any CPU
	EndGlobalSection
	GlobalSection(ProjectConfigurationPlatforms) = postSolution
		{88C56C0A-29CA-4C30-82E0-CA03EC63D6E0}.Debug|Any CPU.ActiveCfg = Debug|Any CPU
		{88C56C0A-29CA-4C30-82E0-CA03EC63D6E0}.Debug|Any CPU.Build.0 = Debug|Any CPU
		{88C56C0A-29CA-4C30-82E0-CA03EC63D6E0}.Release|Any CPU.ActiveCfg = Release|Any CPU
		{88C56C0A-29CA-4C30-82E0-CA03EC63D6E0}.Release|Any CPU.Build.0 = Release|Any CPU
		{FE6D95A2-3EEC-4E58-9D76-736F329803F0}.Debug|Any CPU.ActiveCfg = Debug|Any CPU
		{FE6D95A2-3EEC-4E58-9D76-736F329803F0}.Debug|Any CPU.Build.0 = Debug|Any CPU
		{FE6D95A2-3EEC-4E58-9D76-736F329803F0}.Release|Any CPU.ActiveCfg = Release|Any CPU
		{FE6D95A2-3EEC-4E58-9D76-736F329803F0}.Release|Any CPU.Build.0 = Release|Any CPU
		{8DAFFE28-CC3D-4249-8257-49B6A667CF1B}.Debug|Any CPU.ActiveCfg = Debug|Any CPU
		{8DAFFE28-CC3D-4249-8257-49B6A667CF1B}.Debug|Any CPU.Build.0 = Debug|Any CPU
		{8DAFFE28-CC3D-4249-8257-49B6A667CF1B}.Release|Any CPU.ActiveCfg = Release|Any CPU
		{8DAFFE28-CC3D-4249-8257-49B6A667CF1B}.Release|Any CPU.Build.0 = Release|Any CPU
		{F278FC78-D4EC-4CCD-8844-AB1B127B0F0F}.Debug|Any CPU.ActiveCfg = Debug|Any CPU
		{F278FC78-D4EC-4CCD-8844-AB1B127B0F0F}.Debug|Any CPU.Build.0 = Debug|Any CPU
		{F278FC78-D4EC-4CCD-8844-AB1B127B0F0F}.Release|Any CPU.ActiveCfg = Release|Any CPU
		{F278FC78-D4EC-4CCD-8844-AB1B127B0F0F}.Release|Any CPU.Build.0 = Release|Any CPU
		{8725BE10-C8D4-4BE5-8D76-FB64045EC8E0}.Debug|Any CPU.ActiveCfg = Debug|Any CPU
		{8725BE10-C8D4-4BE5-8D76-FB64045EC8E0}.Debug|Any CPU.Build.0 = Debug|Any CPU
		{8725BE10-C8D4-4BE5-8D76-FB64045EC8E0}.Release|Any CPU.ActiveCfg = Release|Any CPU
		{8725BE10-C8D4-4BE5-8D76-FB64045EC8E0}.Release|Any CPU.Build.0 = Release|Any CPU
	EndGlobalSection
	GlobalSection(SolutionProperties) = preSolution
		HideSolutionNode = FALSE
	EndGlobalSection
	GlobalSection(ExtensibilityGlobals) = postSolution
		SolutionGuid = {14243D6A-503C-45D3-997C-C9121B3DB70C}
	EndGlobalSection
EndGlobal
